
Microsoft Visual Studio Solution File, Format Version 12.00
# Visual Studio Version 17
VisualStudioVersion = 17.11.35312.102
MinimumVisualStudioVersion = 10.0.40219.1
Project("{FAE04EC0-301F-11D3-BF4B-00C04F79EFBC}") = "spliter", "spliter.csproj", "{57F01ECE-9E9D-4E59-96B7-6853700ECCFC}"
EndProject
Global
	GlobalSection(SolutionConfigurationPlatforms) = preSolution
		Debug|Any CPU = Debug|Any CPU
		Release|Any CPU = Release|Any CPU
	EndGlobalSection
	GlobalSection(ProjectConfigurationPlatforms) = postSolution
		{57F01ECE-9E9D-4E59-96B7-6853700ECCFC}.Debug|Any CPU.ActiveCfg = Debug|Any CPU
		{57F01ECE-9E9D-4E59-96B7-6853700ECCFC}.Debug|Any CPU.Build.0 = Debug|Any CPU
		{57F01ECE-9E9D-4E59-96B7-6853700ECCFC}.Release|Any CPU.ActiveCfg = Release|Any CPU
		{57F01ECE-9E9D-4E59-96B7-6853700ECCFC}.Release|Any CPU.Build.0 = Release|Any CPU
	EndGlobalSection
	GlobalSection(SolutionProperties) = preSolution
		HideSolutionNode = FALSE
	EndGlobalSection
	GlobalSection(ExtensibilityGlobals) = postSolution
		SolutionGuid = {12C40449-BA70-445A-B900-948762430145}
	EndGlobalSection
EndGlobal
